schema: '2.0'
stages:
  ingest:
    cmd: python -m LedgerFlow.data.sparkov
    deps:
    - path: LedgerFlow/data/sparkov.py
      hash: md5
      md5: 01efd86a4c290a09bcfe22fdadd35691
      size: 9543
    - path: LedgerFlow/data/validators.py
      hash: md5
      md5: 794226849dc138991864d5ac89cb25f7
      size: 8952
    - path: params.yaml
      hash: md5
      md5: 215fa2f1678dbc77e28c15991afd1822
      size: 949
    outs:
    - path: data/raw/events.parquet
      hash: md5
      md5: d22dc468bc44ff9691f6801b53eb6963
      size: 55900211
    - path: data/raw/labels.parquet
      hash: md5
      md5: 175555d486e2d996b59c103ef0b8fd6a
      size: 1094370
  featurize:
    cmd: python -m LedgerFlow.pipeline
    deps:
    - path: LedgerFlow/features
      hash: md5
      md5: e7ceb68d16c9fbe1f89e525a60b3306b.dir
      size: 8574
      nfiles: 3
    - path: LedgerFlow/pipeline.py
      hash: md5
      md5: d6d927c4915b95c296c6cd695e59f28c
      size: 13900
    - path: LedgerFlow/registry.py
      hash: md5
      md5: a961b741c03e46d14b9595fb133b7ed5
      size: 3360
    - path: data/raw/events.parquet
      hash: md5
      md5: d22dc468bc44ff9691f6801b53eb6963
      size: 55900211
    - path: data/raw/labels.parquet
      hash: md5
      md5: 175555d486e2d996b59c103ef0b8fd6a
      size: 1094370
    outs:
    - path: data/processed/features.parquet
      hash: md5
      md5: 7b79f467468d028a3dbea7baab1a1571
      size: 9660604
    - path: reports/feature_runtime.json
      hash: md5
      md5: 573d37e9ec5212ca1873825a97b4c7f0
      size: 206
  split:
    cmd: python -m LedgerFlow.data.splitter
    deps:
    - path: LedgerFlow/data/splitter.py
      hash: md5
      md5: 4d1028ee529f784664468012080bae24
      size: 3116
    - path: LedgerFlow/params.py
      hash: md5
      md5: 2b0c68d7c720bdfe869336971e4b9610
      size: 850
    - path: data/processed/features.parquet
      hash: md5
      md5: 7b79f467468d028a3dbea7baab1a1571
      size: 9660604
    - path: params.yaml
      hash: md5
      md5: 215fa2f1678dbc77e28c15991afd1822
      size: 949
    outs:
    - path: data/splits/test.parquet
      hash: md5
      md5: 4a15a78a03cc44ae412089b43a4d5a53
      size: 2162602
    - path: data/splits/train.parquet
      hash: md5
      md5: dd3674a6cee6a664eff52a3075256d11
      size: 6989719
    - path: data/splits/val.parquet
      hash: md5
      md5: 60e8d384f794be2e8bd7517f5dc7aa11
      size: 1096668
  evaluate:
    cmd: python -m LedgerFlow.evaluation.compare
    deps:
    - path: LedgerFlow/evaluation/compare.py
      hash: md5
      md5: b664d06f55c90d44f9a75a0059ba2c89
      size: 7817
    - path: LedgerFlow/evaluation/metrics.py
      hash: md5
      md5: 09af9788aca4ade65647dd81d1741255
      size: 2990
    - path: LedgerFlow/features/time_windows.py
      hash: md5
      md5: 54633908dcf177205aa741dccf1265ba
      size: 5386
    - path: data/splits/test.parquet
      hash: md5
      md5: 4a15a78a03cc44ae412089b43a4d5a53
      size: 2162602
    - path: data/splits/train.parquet
      hash: md5
      md5: dd3674a6cee6a664eff52a3075256d11
      size: 6989719
    - path: data/splits/val.parquet
      hash: md5
      md5: 60e8d384f794be2e8bd7517f5dc7aa11
      size: 1096668
    - path: params.yaml
      hash: md5
      md5: 215fa2f1678dbc77e28c15991afd1822
      size: 949
    outs:
    - path: models
      hash: md5
      md5: 42b4ac993b0cf341c8272df52b10dc08.dir
      size: 331030
      nfiles: 3
    - path: reports/curves
      hash: md5
      md5: ed77045f203cd6d4cc0744e66146ac82.dir
      size: 1760123
      nfiles: 6
    - path: reports/eval_metrics.json
      hash: md5
      md5: daf56781ddcce0c606a4d5fb31fd3111
      size: 976
    - path: reports/feature_importance.json
      hash: md5
      md5: ca3eb726e8b71572398df05e99cadd8e
      size: 6281
    - path: reports/low_signal_features.json
      hash: md5
      md5: d1313797510a45333ffd36ee6b2ee29e
      size: 42
  report:
    cmd: python -m LedgerFlow.evaluation.report
    deps:
    - path: LedgerFlow/evaluation/report.py
      hash: md5
      md5: 3854726a4fd79fb9019fac3b6a941102
      size: 2472
    - path: LedgerFlow/evaluation/templates
      hash: md5
      md5: eefb02fc0ddfe7f9d7049f1721d5600c.dir
      size: 1667
      nfiles: 1
    - path: reports/eval_metrics.json
      hash: md5
      md5: daf56781ddcce0c606a4d5fb31fd3111
      size: 976
    - path: reports/feature_importance.json
      hash: md5
      md5: ca3eb726e8b71572398df05e99cadd8e
      size: 6281
    - path: reports/low_signal_features.json
      hash: md5
      md5: d1313797510a45333ffd36ee6b2ee29e
      size: 42
    outs:
    - path: reports/recommendation_memo.md
      hash: md5
      md5: 5588d3232afeae07f0509b7fc3443eaa
      size: 1607
