schema: '2.0'
stages:
  ingest:
    cmd: python -m LedgerFlow.data.synthetic
    deps:
    - path: LedgerFlow/data/synthetic.py
      hash: md5
      md5: 1049b1f278f817b224d4c0d56ff84f4d
      size: 6033
    - path: LedgerFlow/data/validators.py
      hash: md5
      md5: 8bc09f3054fbc29c82e4a6e208ffc686
      size: 8870
    - path: params.yaml
      hash: md5
      md5: 65c9e9331bc0af58d6101158bf436acf
      size: 299
    outs:
    - path: data/raw/events.parquet
      hash: md5
      md5: 1f7399258cd13f55b06fefb3197c25bb
      size: 716735
    - path: data/raw/labels.parquet
      hash: md5
      md5: 67ba4f6818a01d7f3eec79e6ccb258f2
      size: 33793
  featurize:
    cmd: python -m LedgerFlow.pipeline
    deps:
    - path: LedgerFlow/features
      hash: md5
      md5: e7ceb68d16c9fbe1f89e525a60b3306b.dir
      size: 8574
      nfiles: 3
    - path: LedgerFlow/pipeline.py
      hash: md5
      md5: cd5ecfbe59dec0980fb31625ce5b4706
      size: 9594
    - path: LedgerFlow/registry.py
      hash: md5
      md5: a961b741c03e46d14b9595fb133b7ed5
      size: 3360
    - path: data/raw/events.parquet
      hash: md5
      md5: 1f7399258cd13f55b06fefb3197c25bb
      size: 716735
    - path: data/raw/labels.parquet
      hash: md5
      md5: 67ba4f6818a01d7f3eec79e6ccb258f2
      size: 33793
    outs:
    - path: data/processed/features.parquet
      hash: md5
      md5: a2cc740e3dad3ecd6c91d2b45db8ebc5
      size: 269926
    - path: reports/feature_runtime.json
      hash: md5
      md5: c9f36060f407ce1954dfb2b37801aefb
      size: 163
  split:
    cmd: python -m LedgerFlow.data.splitter
    deps:
    - path: LedgerFlow/data/splitter.py
      hash: md5
      md5: 4d1028ee529f784664468012080bae24
      size: 3116
    - path: LedgerFlow/params.py
      hash: md5
      md5: 2b0c68d7c720bdfe869336971e4b9610
      size: 850
    - path: data/processed/features.parquet
      hash: md5
      md5: a2cc740e3dad3ecd6c91d2b45db8ebc5
      size: 269926
    - path: params.yaml
      hash: md5
      md5: 65c9e9331bc0af58d6101158bf436acf
      size: 299
    outs:
    - path: data/splits/test.parquet
      hash: md5
      md5: 8bbfd4ce2339796b23b0bbccf90bf4a8
      size: 78334
    - path: data/splits/train.parquet
      hash: md5
      md5: 8662c1ee64a276db07a1e010e091e96f
      size: 195132
    - path: data/splits/val.parquet
      hash: md5
      md5: 4dcbee924ec17df9b675a9c7cd373fd2
      size: 53585
  evaluate:
    cmd: python -m LedgerFlow.evaluation.compare
    deps:
    - path: LedgerFlow/evaluation/compare.py
      hash: md5
      md5: b664d06f55c90d44f9a75a0059ba2c89
      size: 7817
    - path: LedgerFlow/evaluation/metrics.py
      hash: md5
      md5: 09af9788aca4ade65647dd81d1741255
      size: 2990
    - path: LedgerFlow/features/time_windows.py
      hash: md5
      md5: 54633908dcf177205aa741dccf1265ba
      size: 5386
    - path: data/splits/test.parquet
      hash: md5
      md5: 8bbfd4ce2339796b23b0bbccf90bf4a8
      size: 78334
    - path: data/splits/train.parquet
      hash: md5
      md5: 8662c1ee64a276db07a1e010e091e96f
      size: 195132
    - path: data/splits/val.parquet
      hash: md5
      md5: 4dcbee924ec17df9b675a9c7cd373fd2
      size: 53585
    - path: params.yaml
      hash: md5
      md5: 65c9e9331bc0af58d6101158bf436acf
      size: 299
    outs:
    - path: models
      hash: md5
      md5: ed87c6664ec9e79f8f3cff2a137bf050.dir
      size: 252339
      nfiles: 3
    - path: reports/curves
      hash: md5
      md5: 39d540851cf515db75425aefa284e7f7.dir
      size: 60911
      nfiles: 6
    - path: reports/eval_metrics.json
      hash: md5
      md5: b2603a23fa1f9bfd8490404ca4648080
      size: 963
    - path: reports/feature_importance.json
      hash: md5
      md5: 365c747b7875a901861aaebf905113d0
      size: 6175
    - path: reports/low_signal_features.json
      hash: md5
      md5: 445d76e49ca9f20fba0ed7d6776e9f53
      size: 74
  report:
    cmd: python -m LedgerFlow.evaluation.report
    deps:
    - path: LedgerFlow/evaluation/report.py
      hash: md5
      md5: 3854726a4fd79fb9019fac3b6a941102
      size: 2472
    - path: LedgerFlow/evaluation/templates
      hash: md5
      md5: eefb02fc0ddfe7f9d7049f1721d5600c.dir
      size: 1667
      nfiles: 1
    - path: reports/eval_metrics.json
      hash: md5
      md5: b2603a23fa1f9bfd8490404ca4648080
      size: 963
    - path: reports/feature_importance.json
      hash: md5
      md5: 365c747b7875a901861aaebf905113d0
      size: 6175
    - path: reports/low_signal_features.json
      hash: md5
      md5: 445d76e49ca9f20fba0ed7d6776e9f53
      size: 74
    outs:
    - path: reports/recommendation_memo.md
      hash: md5
      md5: aefef71cdd56996809d1b3843db18553
      size: 1704
